
Microsoft Visual Studio Solution File, Format Version 12.00
# Visual Studio Version 17
VisualStudioVersion = 17.2.32616.157
MinimumVisualStudioVersion = 10.0.40219.1
Project("{FAE04EC0-301F-11D3-BF4B-00C04F79EFBC}") = "API", "API\API.csproj", "{F90FF7B7-8030-4119-B593-91696B0A4C7F}"
EndProject
Project("{FAE04EC0-301F-11D3-BF4B-00C04F79EFBC}") = "Application", "Application\Application.csproj", "{EF3BD396-8F9E-4812-9F0C-DFFAC768C09D}"
EndProject
Project("{FAE04EC0-301F-11D3-BF4B-00C04F79EFBC}") = "Domain", "Domain\Domain.csproj", "{DE5E8457-5623-4607-A7C7-1C74215CDF60}"
EndProject
Project("{FAE04EC0-301F-11D3-BF4B-00C04F79EFBC}") = "Persistence", "Persistence\Persistence.csproj", "{49B3D82C-2824-486A-B2AE-8D5803759AF2}"
EndProject
Global
	GlobalSection(SolutionConfigurationPlatforms) = preSolution
		Debug|Any CPU = Debug|Any CPU
		Release|Any CPU = Release|Any CPU
	EndGlobalSection
	GlobalSection(ProjectConfigurationPlatforms) = postSolution
		{F90FF7B7-8030-4119-B593-91696B0A4C7F}.Debug|Any CPU.ActiveCfg = Debug|Any CPU
		{F90FF7B7-8030-4119-B593-91696B0A4C7F}.Debug|Any CPU.Build.0 = Debug|Any CPU
		{F90FF7B7-8030-4119-B593-91696B0A4C7F}.Release|Any CPU.ActiveCfg = Release|Any CPU
		{F90FF7B7-8030-4119-B593-91696B0A4C7F}.Release|Any CPU.Build.0 = Release|Any CPU
		{EF3BD396-8F9E-4812-9F0C-DFFAC768C09D}.Debug|Any CPU.ActiveCfg = Debug|Any CPU
		{EF3BD396-8F9E-4812-9F0C-DFFAC768C09D}.Debug|Any CPU.Build.0 = Debug|Any CPU
		{EF3BD396-8F9E-4812-9F0C-DFFAC768C09D}.Release|Any CPU.ActiveCfg = Release|Any CPU
		{EF3BD396-8F9E-4812-9F0C-DFFAC768C09D}.Release|Any CPU.Build.0 = Release|Any CPU
		{DE5E8457-5623-4607-A7C7-1C74215CDF60}.Debug|Any CPU.ActiveCfg = Debug|Any CPU
		{DE5E8457-5623-4607-A7C7-1C74215CDF60}.Debug|Any CPU.Build.0 = Debug|Any CPU
		{DE5E8457-5623-4607-A7C7-1C74215CDF60}.Release|Any CPU.ActiveCfg = Release|Any CPU
		{DE5E8457-5623-4607-A7C7-1C74215CDF60}.Release|Any CPU.Build.0 = Release|Any CPU
		{49B3D82C-2824-486A-B2AE-8D5803759AF2}.Debug|Any CPU.ActiveCfg = Debug|Any CPU
		{49B3D82C-2824-486A-B2AE-8D5803759AF2}.Debug|Any CPU.Build.0 = Debug|Any CPU
		{49B3D82C-2824-486A-B2AE-8D5803759AF2}.Release|Any CPU.ActiveCfg = Release|Any CPU
		{49B3D82C-2824-486A-B2AE-8D5803759AF2}.Release|Any CPU.Build.0 = Release|Any CPU
	EndGlobalSection
	GlobalSection(SolutionProperties) = preSolution
		HideSolutionNode = FALSE
	EndGlobalSection
	GlobalSection(ExtensibilityGlobals) = postSolution
		SolutionGuid = {8A759E09-F834-44C1-B6AC-76E5AAF23BAB}
	EndGlobalSection
EndGlobal
